
Microsoft Visual Studio Solution File, Format Version 12.00
# Visual Studio 15
VisualStudioVersion = 15.0.28307.271
MinimumVisualStudioVersion = 10.0.40219.1
Project("{9A19103F-16F7-4668-BE54-9A1E7A4F7556}") = "Hello_world", "Hello_world\Hello_world.csproj", "{3BAD0D88-21F0-45AC-8185-6811A7586D4C}"
EndProject
Project("{FAE04EC0-301F-11D3-BF4B-00C04F79EFBC}") = "test_lib_alenah", "test_lib\test_lib_alenah.csproj", "{0E4111BC-68F6-4C70-AD2E-D5AA1EB8D330}"
EndProject
Global
	GlobalSection(SolutionConfigurationPlatforms) = preSolution
		Debug|Any CPU = Debug|Any CPU
		Release|Any CPU = Release|Any CPU
	EndGlobalSection
	GlobalSection(ProjectConfigurationPlatforms) = postSolution
		{3BAD0D88-21F0-45AC-8185-6811A7586D4C}.Debug|Any CPU.ActiveCfg = Debug|Any CPU
		{3BAD0D88-21F0-45AC-8185-6811A7586D4C}.Debug|Any CPU.Build.0 = Debug|Any CPU
		{3BAD0D88-21F0-45AC-8185-6811A7586D4C}.Release|Any CPU.ActiveCfg = Release|Any CPU
		{3BAD0D88-21F0-45AC-8185-6811A7586D4C}.Release|Any CPU.Build.0 = Release|Any CPU
		{0E4111BC-68F6-4C70-AD2E-D5AA1EB8D330}.Debug|Any CPU.ActiveCfg = Debug|Any CPU
		{0E4111BC-68F6-4C70-AD2E-D5AA1EB8D330}.Debug|Any CPU.Build.0 = Debug|Any CPU
		{0E4111BC-68F6-4C70-AD2E-D5AA1EB8D330}.Release|Any CPU.ActiveCfg = Release|Any CPU
		{0E4111BC-68F6-4C70-AD2E-D5AA1EB8D330}.Release|Any CPU.Build.0 = Release|Any CPU
	EndGlobalSection
	GlobalSection(SolutionProperties) = preSolution
		HideSolutionNode = FALSE
	EndGlobalSection
	GlobalSection(ExtensibilityGlobals) = postSolution
		SolutionGuid = {475AB9F0-8B8B-46DE-8B67-219EEF24FE6E}
	EndGlobalSection
EndGlobal
